
Microsoft Visual Studio Solution File, Format Version 12.00
# Visual Studio 2012
Project("{FAE04EC0-301F-11D3-BF4B-00C04F79EFBC}") = "YUNZHI.Management", "YUNZHI.Management\YUNZHI.Management.csproj", "{2326DB96-6E37-49FA-A9C4-3BC2607F2A65}"
EndProject
Project("{FAE04EC0-301F-11D3-BF4B-00C04F79EFBC}") = "YUNZHI.DAL", "YUNZHI.DAL\YUNZHI.DAL.csproj", "{93A7F090-A89F-4E2C-A8BE-C1C8B5C69BBA}"
EndProject
Global
	GlobalSection(SolutionConfigurationPlatforms) = preSolution
		Debug|Any CPU = Debug|Any CPU
		Release|Any CPU = Release|Any CPU
	EndGlobalSection
	GlobalSection(ProjectConfigurationPlatforms) = postSolution
		{2326DB96-6E37-49FA-A9C4-3BC2607F2A65}.Debug|Any CPU.ActiveCfg = Debug|Any CPU
		{2326DB96-6E37-49FA-A9C4-3BC2607F2A65}.Debug|Any CPU.Build.0 = Debug|Any CPU
		{2326DB96-6E37-49FA-A9C4-3BC2607F2A65}.Release|Any CPU.ActiveCfg = Release|Any CPU
		{2326DB96-6E37-49FA-A9C4-3BC2607F2A65}.Release|Any CPU.Build.0 = Release|Any CPU
		{93A7F090-A89F-4E2C-A8BE-C1C8B5C69BBA}.Debug|Any CPU.ActiveCfg = Debug|Any CPU
		{93A7F090-A89F-4E2C-A8BE-C1C8B5C69BBA}.Debug|Any CPU.Build.0 = Debug|Any CPU
		{93A7F090-A89F-4E2C-A8BE-C1C8B5C69BBA}.Release|Any CPU.ActiveCfg = Release|Any CPU
		{93A7F090-A89F-4E2C-A8BE-C1C8B5C69BBA}.Release|Any CPU.Build.0 = Release|Any CPU
	EndGlobalSection
	GlobalSection(SolutionProperties) = preSolution
		HideSolutionNode = FALSE
	EndGlobalSection
EndGlobal
