
Microsoft Visual Studio Solution File, Format Version 11.00
# Visual Studio 2010
Project("{54435603-DBB4-11D2-8724-00A0C9A8B90C}") = "YZYLSetup", "YZYLSetup\YZYLSetup.vdproj", "{51FC5F3A-6912-476D-9F55-2E82188892E4}"
EndProject
Global
	GlobalSection(SolutionConfigurationPlatforms) = preSolution
		Debug|Default = Debug|Default
		Release|Default = Release|Default
	EndGlobalSection
	GlobalSection(ProjectConfigurationPlatforms) = postSolution
		{51FC5F3A-6912-476D-9F55-2E82188892E4}.Debug|Default.ActiveCfg = Debug
		{51FC5F3A-6912-476D-9F55-2E82188892E4}.Debug|Default.Build.0 = Debug
		{51FC5F3A-6912-476D-9F55-2E82188892E4}.Release|Default.ActiveCfg = Release
		{51FC5F3A-6912-476D-9F55-2E82188892E4}.Release|Default.Build.0 = Release
	EndGlobalSection
	GlobalSection(SolutionProperties) = preSolution
		HideSolutionNode = FALSE
	EndGlobalSection
EndGlobal
